
Microsoft Visual Studio Solution File, Format Version 12.00
# Visual Studio Version 17
VisualStudioVersion = 17.10.35027.167
MinimumVisualStudioVersion = 10.0.40219.1
Project("{2150E333-8FDC-42A3-9474-1A3956D46DE8}") = "DB", "DB", "{4512FE61-E687-4006-9972-D9B2C0773A74}"
EndProject
Project("{2150E333-8FDC-42A3-9474-1A3956D46DE8}") = "DBToXml", "DBToXml", "{5DA73823-C87D-476F-BCD2-4373BBA1F0F3}"
EndProject
Project("{2150E333-8FDC-42A3-9474-1A3956D46DE8}") = "Utilities", "Utilities", "{066A76CA-28CE-425A-BC76-6C529C57DAFE}"
EndProject
Project("{2150E333-8FDC-42A3-9474-1A3956D46DE8}") = "System", "System", "{72E1604F-32BD-4079-BCAA-BAEE13F878F6}"
EndProject
Project("{2150E333-8FDC-42A3-9474-1A3956D46DE8}") = "Safety", "Safety", "{41AC18F0-F83F-4E39-AEF9-D359E4544BC4}"
EndProject
Project("{2150E333-8FDC-42A3-9474-1A3956D46DE8}") = "WatchDog", "WatchDog", "{A1B0E815-380C-4FBA-904A-D4E4CF8D2243}"
EndProject
Project("{2150E333-8FDC-42A3-9474-1A3956D46DE8}") = "HMI", "HMI", "{F556C1E9-C2B0-4C76-BB1A-956431831B55}"
EndProject
Project("{00D1A9C2-B5F0-4AF3-8072-F6C62B433612}") = "UIB.Database.Design", "DB\UIB.Database.Design\UIB.Database.Design.sqlproj", "{18593836-6AD8-4817-A552-3065871E964D}"
EndProject
Project("{FAE04EC0-301F-11D3-BF4B-00C04F79EFBC}") = "UIB.Database", "DB\UIB.Database\UIB.Database.csproj", "{052CE148-26A8-44F6-B3B7-E7CC7184C400}"
EndProject
Project("{FAE04EC0-301F-11D3-BF4B-00C04F79EFBC}") = "UIB.WatchDog.Server", "WatchDog\UIB.WatchDog.Server\UIB.WatchDog.Server.csproj", "{48BBA078-BAAC-4F93-AA1D-42A1C988752E}"
EndProject
Project("{FAE04EC0-301F-11D3-BF4B-00C04F79EFBC}") = "UIB.Sys.Server", "System\UIB.Sys.Server\UIB.Sys.Server.csproj", "{4B434D8A-9861-4F72-9676-D79093206A79}"
EndProject
Project("{FAE04EC0-301F-11D3-BF4B-00C04F79EFBC}") = "UIB.Sys.Server.Common", "System\UIB.Sys.Server.Common\UIB.Sys.Server.Common.csproj", "{E2C1DB1A-3AC9-40DB-A094-CB754CD290DD}"
EndProject
Project("{FAE04EC0-301F-11D3-BF4B-00C04F79EFBC}") = "UIB.Sys.Server.Model", "System\UIB.Sys.Server.Model\UIB.Sys.Server.Model.csproj", "{D481161C-EFA2-4CC7-8235-59B7431DE7C0}"
EndProject
Project("{FAE04EC0-301F-11D3-BF4B-00C04F79EFBC}") = "UIB.Sys.Server.Tester", "System\UIB.Sys.Server.Tester\UIB.Sys.Server.Tester.csproj", "{6F98165C-DB4F-4C3E-86AE-8D4FBFF9F200}"
EndProject
Project("{FAE04EC0-301F-11D3-BF4B-00C04F79EFBC}") = "UIB.DBToXML.Server", "DBToXml\UIB.DBToXML.Server\UIB.DBToXML.Server.csproj", "{5CD905F1-9D72-477D-95F0-1B0666024B03}"
EndProject
Project("{FAE04EC0-301F-11D3-BF4B-00C04F79EFBC}") = "UIB.DBToXML.Server.Model", "DBToXml\UIB.DBToXML.Server.Model\UIB.DBToXML.Server.Model.csproj", "{CDE2AE60-7567-4762-881E-3E4FA8A48698}"
EndProject
Project("{FAE04EC0-301F-11D3-BF4B-00C04F79EFBC}") = "UIB.Safety.Server.Common", "Safety\UIB.Safety.Server.Common\UIB.Safety.Server.Common.csproj", "{D6B9DF1E-364B-4B99-9E82-60F987A3A86B}"
EndProject
Project("{FAE04EC0-301F-11D3-BF4B-00C04F79EFBC}") = "UIB.Safety.Server.Model", "Safety\UIB.Safety.Server.Model\UIB.Safety.Server.Model.csproj", "{64E5B2BC-F3AE-4AB0-ACE3-A41075EE1D14}"
EndProject
Project("{FAE04EC0-301F-11D3-BF4B-00C04F79EFBC}") = "UIB.Safety.Server", "Safety\UIB.Safety.Server\UIB.Safety.Server.csproj", "{7643C97F-7BC3-469E-A69C-7E3F00CAA343}"
EndProject
Project("{FAE04EC0-301F-11D3-BF4B-00C04F79EFBC}") = "UIB.Safety.Server.Tester", "Safety\UIB.Safety.Server.Tester\UIB.Safety.Server.Tester.csproj", "{70AE81E1-A144-48E4-8483-7AB1CC6A3220}"
EndProject
Project("{FAE04EC0-301F-11D3-BF4B-00C04F79EFBC}") = "UIB.HMI.Process.Mgmt", "HMI\UIB.HMI.Process.Mgmt\UIB.HMI.Process.Mgmt.csproj", "{1AA565B4-C282-44AC-A3C9-3FFA68116D89}"
EndProject
Project("{FAE04EC0-301F-11D3-BF4B-00C04F79EFBC}") = "UIB.HMI.Rodeo.History", "HMI\UIB.HMI.Rodeo.History\UIB.HMI.Rodeo.History.csproj", "{B7496B92-B47A-4542-9547-1BB270F93665}"
EndProject
Project("{FAE04EC0-301F-11D3-BF4B-00C04F79EFBC}") = "MSM.HMI.Safety.Operation", "HMI\UIB.HMI.Safety.Operation\MSM.HMI.Safety.Operation.csproj", "{D02EE36E-48F6-420C-9C0C-1E685BB816CC}"
EndProject
Project("{2150E333-8FDC-42A3-9474-1A3956D46DE8}") = "Acquisition", "Acquisition", "{24E852A0-4454-48BC-AA73-E78B2EAD9F84}"
EndProject
Project("{FAE04EC0-301F-11D3-BF4B-00C04F79EFBC}") = "UIB.Acq.Server.Model", "Acquisition\UIB.Acq.Server.Model\UIB.Acq.Server.Model.csproj", "{A3FBB3CF-5BB1-4FF2-833F-CA1D1FDA2799}"
EndProject
Project("{FAE04EC0-301F-11D3-BF4B-00C04F79EFBC}") = "UIB.Acq.Server.Common", "Acquisition\UIB.Acq.Server.Common\UIB.Acq.Server.Common.csproj", "{9D7D7DCB-268A-45EC-BD61-C650495C08C0}"
EndProject
Project("{FAE04EC0-301F-11D3-BF4B-00C04F79EFBC}") = "UIB.Acq.Server", "Acquisition\UIB.Acq.Server\UIB.Acq.Server.csproj", "{A111746A-9FF1-4118-AB8C-A2EC13630255}"
EndProject
Project("{2150E333-8FDC-42A3-9474-1A3956D46DE8}") = "Tools", "Tools", "{2A42D7B6-AB56-44D4-AA0E-E429911FC16D}"
EndProject
Project("{FAE04EC0-301F-11D3-BF4B-00C04F79EFBC}") = "TagLoader", "Tools\TagLoader\TagLoader.csproj", "{F76F382B-8810-46FB-BD69-DA6A1AB17DFE}"
EndProject
Project("{FAE04EC0-301F-11D3-BF4B-00C04F79EFBC}") = "TagTest", "Tools\TagTest\TagTest.csproj", "{A8D10C19-B799-4FD6-B48B-6A883453D202}"
EndProject
Project("{FAE04EC0-301F-11D3-BF4B-00C04F79EFBC}") = "MSM.Utility.Blend.Controls", "Utilities\MSM.Utility.Blend.Controls\MSM.Utility.Blend.Controls.csproj", "{F086DBB2-7E1C-4D74-BA45-3B232268F147}"
EndProject
Project("{FAE04EC0-301F-11D3-BF4B-00C04F79EFBC}") = "MSM.Utility.Common", "Utilities\MSM.Utility.Common\MSM.Utility.Common.csproj", "{31883A40-BCE4-4242-AE4E-2F627E7D6736}"
EndProject
Project("{FAE04EC0-301F-11D3-BF4B-00C04F79EFBC}") = "MSM.Utility.Configuration", "Utilities\MSM.Utility.Configuration\MSM.Utility.Configuration.csproj", "{38C953BB-DECF-4E2F-A243-2C16D992340C}"
EndProject
Project("{FAE04EC0-301F-11D3-BF4B-00C04F79EFBC}") = "MSM.Utility.Controls", "Utilities\MSM.Utility.Controls\MSM.Utility.Controls.csproj", "{B9E549E9-3D1F-423D-AF0E-5AB0E1047FC3}"
EndProject
Project("{FAE04EC0-301F-11D3-BF4B-00C04F79EFBC}") = "MSM.Utility.Blend.Controls.Test", "Utilities\MSM.Utility.Blend.Controls.Test\MSM.Utility.Blend.Controls.Test.csproj", "{6D935CC7-B574-4E71-9CC8-ABC07148D41C}"
EndProject
Global
	GlobalSection(SolutionConfigurationPlatforms) = preSolution
		Debug|Any CPU = Debug|Any CPU
		Release|Any CPU = Release|Any CPU
	EndGlobalSection
	GlobalSection(ProjectConfigurationPlatforms) = postSolution
		{18593836-6AD8-4817-A552-3065871E964D}.Debug|Any CPU.ActiveCfg = Debug|Any CPU
		{18593836-6AD8-4817-A552-3065871E964D}.Debug|Any CPU.Build.0 = Debug|Any CPU
		{18593836-6AD8-4817-A552-3065871E964D}.Debug|Any CPU.Deploy.0 = Debug|Any CPU
		{18593836-6AD8-4817-A552-3065871E964D}.Release|Any CPU.ActiveCfg = Release|Any CPU
		{18593836-6AD8-4817-A552-3065871E964D}.Release|Any CPU.Build.0 = Release|Any CPU
		{18593836-6AD8-4817-A552-3065871E964D}.Release|Any CPU.Deploy.0 = Release|Any CPU
		{052CE148-26A8-44F6-B3B7-E7CC7184C400}.Debug|Any CPU.ActiveCfg = Debug|Any CPU
		{052CE148-26A8-44F6-B3B7-E7CC7184C400}.Debug|Any CPU.Build.0 = Debug|Any CPU
		{052CE148-26A8-44F6-B3B7-E7CC7184C400}.Release|Any CPU.ActiveCfg = Release|Any CPU
		{052CE148-26A8-44F6-B3B7-E7CC7184C400}.Release|Any CPU.Build.0 = Release|Any CPU
		{48BBA078-BAAC-4F93-AA1D-42A1C988752E}.Debug|Any CPU.ActiveCfg = Debug|Any CPU
		{48BBA078-BAAC-4F93-AA1D-42A1C988752E}.Debug|Any CPU.Build.0 = Debug|Any CPU
		{48BBA078-BAAC-4F93-AA1D-42A1C988752E}.Release|Any CPU.ActiveCfg = Release|Any CPU
		{48BBA078-BAAC-4F93-AA1D-42A1C988752E}.Release|Any CPU.Build.0 = Release|Any CPU
		{4B434D8A-9861-4F72-9676-D79093206A79}.Debug|Any CPU.ActiveCfg = Debug|Any CPU
		{4B434D8A-9861-4F72-9676-D79093206A79}.Debug|Any CPU.Build.0 = Debug|Any CPU
		{4B434D8A-9861-4F72-9676-D79093206A79}.Release|Any CPU.ActiveCfg = Release|Any CPU
		{4B434D8A-9861-4F72-9676-D79093206A79}.Release|Any CPU.Build.0 = Release|Any CPU
		{E2C1DB1A-3AC9-40DB-A094-CB754CD290DD}.Debug|Any CPU.ActiveCfg = Debug|Any CPU
		{E2C1DB1A-3AC9-40DB-A094-CB754CD290DD}.Debug|Any CPU.Build.0 = Debug|Any CPU
		{E2C1DB1A-3AC9-40DB-A094-CB754CD290DD}.Release|Any CPU.ActiveCfg = Release|Any CPU
		{E2C1DB1A-3AC9-40DB-A094-CB754CD290DD}.Release|Any CPU.Build.0 = Release|Any CPU
		{D481161C-EFA2-4CC7-8235-59B7431DE7C0}.Debug|Any CPU.ActiveCfg = Debug|Any CPU
		{D481161C-EFA2-4CC7-8235-59B7431DE7C0}.Debug|Any CPU.Build.0 = Debug|Any CPU
		{D481161C-EFA2-4CC7-8235-59B7431DE7C0}.Release|Any CPU.ActiveCfg = Release|Any CPU
		{D481161C-EFA2-4CC7-8235-59B7431DE7C0}.Release|Any CPU.Build.0 = Release|Any CPU
		{6F98165C-DB4F-4C3E-86AE-8D4FBFF9F200}.Debug|Any CPU.ActiveCfg = Debug|Any CPU
		{6F98165C-DB4F-4C3E-86AE-8D4FBFF9F200}.Debug|Any CPU.Build.0 = Debug|Any CPU
		{6F98165C-DB4F-4C3E-86AE-8D4FBFF9F200}.Release|Any CPU.ActiveCfg = Release|Any CPU
		{6F98165C-DB4F-4C3E-86AE-8D4FBFF9F200}.Release|Any CPU.Build.0 = Release|Any CPU
		{5CD905F1-9D72-477D-95F0-1B0666024B03}.Debug|Any CPU.ActiveCfg = Debug|Any CPU
		{5CD905F1-9D72-477D-95F0-1B0666024B03}.Debug|Any CPU.Build.0 = Debug|Any CPU
		{5CD905F1-9D72-477D-95F0-1B0666024B03}.Release|Any CPU.ActiveCfg = Release|Any CPU
		{5CD905F1-9D72-477D-95F0-1B0666024B03}.Release|Any CPU.Build.0 = Release|Any CPU
		{CDE2AE60-7567-4762-881E-3E4FA8A48698}.Debug|Any CPU.ActiveCfg = Debug|Any CPU
		{CDE2AE60-7567-4762-881E-3E4FA8A48698}.Debug|Any CPU.Build.0 = Debug|Any CPU
		{CDE2AE60-7567-4762-881E-3E4FA8A48698}.Release|Any CPU.ActiveCfg = Release|Any CPU
		{CDE2AE60-7567-4762-881E-3E4FA8A48698}.Release|Any CPU.Build.0 = Release|Any CPU
		{D6B9DF1E-364B-4B99-9E82-60F987A3A86B}.Debug|Any CPU.ActiveCfg = Debug|Any CPU
		{D6B9DF1E-364B-4B99-9E82-60F987A3A86B}.Debug|Any CPU.Build.0 = Debug|Any CPU
		{D6B9DF1E-364B-4B99-9E82-60F987A3A86B}.Release|Any CPU.ActiveCfg = Release|Any CPU
		{D6B9DF1E-364B-4B99-9E82-60F987A3A86B}.Release|Any CPU.Build.0 = Release|Any CPU
		{64E5B2BC-F3AE-4AB0-ACE3-A41075EE1D14}.Debug|Any CPU.ActiveCfg = Debug|Any CPU
		{64E5B2BC-F3AE-4AB0-ACE3-A41075EE1D14}.Debug|Any CPU.Build.0 = Debug|Any CPU
		{64E5B2BC-F3AE-4AB0-ACE3-A41075EE1D14}.Release|Any CPU.ActiveCfg = Release|Any CPU
		{64E5B2BC-F3AE-4AB0-ACE3-A41075EE1D14}.Release|Any CPU.Build.0 = Release|Any CPU
		{7643C97F-7BC3-469E-A69C-7E3F00CAA343}.Debug|Any CPU.ActiveCfg = Debug|Any CPU
		{7643C97F-7BC3-469E-A69C-7E3F00CAA343}.Debug|Any CPU.Build.0 = Debug|Any CPU
		{7643C97F-7BC3-469E-A69C-7E3F00CAA343}.Release|Any CPU.ActiveCfg = Release|Any CPU
		{7643C97F-7BC3-469E-A69C-7E3F00CAA343}.Release|Any CPU.Build.0 = Release|Any CPU
		{70AE81E1-A144-48E4-8483-7AB1CC6A3220}.Debug|Any CPU.ActiveCfg = Debug|Any CPU
		{70AE81E1-A144-48E4-8483-7AB1CC6A3220}.Debug|Any CPU.Build.0 = Debug|Any CPU
		{70AE81E1-A144-48E4-8483-7AB1CC6A3220}.Release|Any CPU.ActiveCfg = Release|Any CPU
		{70AE81E1-A144-48E4-8483-7AB1CC6A3220}.Release|Any CPU.Build.0 = Release|Any CPU
		{1AA565B4-C282-44AC-A3C9-3FFA68116D89}.Debug|Any CPU.ActiveCfg = Debug|Any CPU
		{1AA565B4-C282-44AC-A3C9-3FFA68116D89}.Debug|Any CPU.Build.0 = Debug|Any CPU
		{1AA565B4-C282-44AC-A3C9-3FFA68116D89}.Release|Any CPU.ActiveCfg = Release|Any CPU
		{1AA565B4-C282-44AC-A3C9-3FFA68116D89}.Release|Any CPU.Build.0 = Release|Any CPU
		{B7496B92-B47A-4542-9547-1BB270F93665}.Debug|Any CPU.ActiveCfg = Debug|Any CPU
		{B7496B92-B47A-4542-9547-1BB270F93665}.Debug|Any CPU.Build.0 = Debug|Any CPU
		{B7496B92-B47A-4542-9547-1BB270F93665}.Release|Any CPU.ActiveCfg = Release|Any CPU
		{B7496B92-B47A-4542-9547-1BB270F93665}.Release|Any CPU.Build.0 = Release|Any CPU
		{D02EE36E-48F6-420C-9C0C-1E685BB816CC}.Debug|Any CPU.ActiveCfg = Debug|Any CPU
		{D02EE36E-48F6-420C-9C0C-1E685BB816CC}.Debug|Any CPU.Build.0 = Debug|Any CPU
		{D02EE36E-48F6-420C-9C0C-1E685BB816CC}.Release|Any CPU.ActiveCfg = Release|Any CPU
		{D02EE36E-48F6-420C-9C0C-1E685BB816CC}.Release|Any CPU.Build.0 = Release|Any CPU
		{A3FBB3CF-5BB1-4FF2-833F-CA1D1FDA2799}.Debug|Any CPU.ActiveCfg = Debug|Any CPU
		{A3FBB3CF-5BB1-4FF2-833F-CA1D1FDA2799}.Debug|Any CPU.Build.0 = Debug|Any CPU
		{A3FBB3CF-5BB1-4FF2-833F-CA1D1FDA2799}.Release|Any CPU.ActiveCfg = Release|Any CPU
		{A3FBB3CF-5BB1-4FF2-833F-CA1D1FDA2799}.Release|Any CPU.Build.0 = Release|Any CPU
		{9D7D7DCB-268A-45EC-BD61-C650495C08C0}.Debug|Any CPU.ActiveCfg = Debug|Any CPU
		{9D7D7DCB-268A-45EC-BD61-C650495C08C0}.Debug|Any CPU.Build.0 = Debug|Any CPU
		{9D7D7DCB-268A-45EC-BD61-C650495C08C0}.Release|Any CPU.ActiveCfg = Release|Any CPU
		{9D7D7DCB-268A-45EC-BD61-C650495C08C0}.Release|Any CPU.Build.0 = Release|Any CPU
		{A111746A-9FF1-4118-AB8C-A2EC13630255}.Debug|Any CPU.ActiveCfg = Debug|Any CPU
		{A111746A-9FF1-4118-AB8C-A2EC13630255}.Debug|Any CPU.Build.0 = Debug|Any CPU
		{A111746A-9FF1-4118-AB8C-A2EC13630255}.Release|Any CPU.ActiveCfg = Release|Any CPU
		{A111746A-9FF1-4118-AB8C-A2EC13630255}.Release|Any CPU.Build.0 = Release|Any CPU
		{F76F382B-8810-46FB-BD69-DA6A1AB17DFE}.Debug|Any CPU.ActiveCfg = Debug|Any CPU
		{F76F382B-8810-46FB-BD69-DA6A1AB17DFE}.Debug|Any CPU.Build.0 = Debug|Any CPU
		{F76F382B-8810-46FB-BD69-DA6A1AB17DFE}.Release|Any CPU.ActiveCfg = Release|Any CPU
		{F76F382B-8810-46FB-BD69-DA6A1AB17DFE}.Release|Any CPU.Build.0 = Release|Any CPU
		{A8D10C19-B799-4FD6-B48B-6A883453D202}.Debug|Any CPU.ActiveCfg = Debug|Any CPU
		{A8D10C19-B799-4FD6-B48B-6A883453D202}.Debug|Any CPU.Build.0 = Debug|Any CPU
		{A8D10C19-B799-4FD6-B48B-6A883453D202}.Release|Any CPU.ActiveCfg = Release|Any CPU
		{A8D10C19-B799-4FD6-B48B-6A883453D202}.Release|Any CPU.Build.0 = Release|Any CPU
		{F086DBB2-7E1C-4D74-BA45-3B232268F147}.Debug|Any CPU.ActiveCfg = Debug|Any CPU
		{F086DBB2-7E1C-4D74-BA45-3B232268F147}.Debug|Any CPU.Build.0 = Debug|Any CPU
		{F086DBB2-7E1C-4D74-BA45-3B232268F147}.Release|Any CPU.ActiveCfg = Release|Any CPU
		{F086DBB2-7E1C-4D74-BA45-3B232268F147}.Release|Any CPU.Build.0 = Release|Any CPU
		{31883A40-BCE4-4242-AE4E-2F627E7D6736}.Debug|Any CPU.ActiveCfg = Debug|Any CPU
		{31883A40-BCE4-4242-AE4E-2F627E7D6736}.Debug|Any CPU.Build.0 = Debug|Any CPU
		{31883A40-BCE4-4242-AE4E-2F627E7D6736}.Release|Any CPU.ActiveCfg = Release|Any CPU
		{31883A40-BCE4-4242-AE4E-2F627E7D6736}.Release|Any CPU.Build.0 = Release|Any CPU
		{38C953BB-DECF-4E2F-A243-2C16D992340C}.Debug|Any CPU.ActiveCfg = Debug|Any CPU
		{38C953BB-DECF-4E2F-A243-2C16D992340C}.Debug|Any CPU.Build.0 = Debug|Any CPU
		{38C953BB-DECF-4E2F-A243-2C16D992340C}.Release|Any CPU.ActiveCfg = Release|Any CPU
		{38C953BB-DECF-4E2F-A243-2C16D992340C}.Release|Any CPU.Build.0 = Release|Any CPU
		{B9E549E9-3D1F-423D-AF0E-5AB0E1047FC3}.Debug|Any CPU.ActiveCfg = Debug|Any CPU
		{B9E549E9-3D1F-423D-AF0E-5AB0E1047FC3}.Debug|Any CPU.Build.0 = Debug|Any CPU
		{B9E549E9-3D1F-423D-AF0E-5AB0E1047FC3}.Release|Any CPU.ActiveCfg = Release|Any CPU
		{B9E549E9-3D1F-423D-AF0E-5AB0E1047FC3}.Release|Any CPU.Build.0 = Release|Any CPU
		{6D935CC7-B574-4E71-9CC8-ABC07148D41C}.Debug|Any CPU.ActiveCfg = Debug|Any CPU
		{6D935CC7-B574-4E71-9CC8-ABC07148D41C}.Debug|Any CPU.Build.0 = Debug|Any CPU
		{6D935CC7-B574-4E71-9CC8-ABC07148D41C}.Release|Any CPU.ActiveCfg = Release|Any CPU
		{6D935CC7-B574-4E71-9CC8-ABC07148D41C}.Release|Any CPU.Build.0 = Release|Any CPU
	EndGlobalSection
	GlobalSection(SolutionProperties) = preSolution
		HideSolutionNode = FALSE
	EndGlobalSection
	GlobalSection(NestedProjects) = preSolution
		{18593836-6AD8-4817-A552-3065871E964D} = {4512FE61-E687-4006-9972-D9B2C0773A74}
		{052CE148-26A8-44F6-B3B7-E7CC7184C400} = {4512FE61-E687-4006-9972-D9B2C0773A74}
		{48BBA078-BAAC-4F93-AA1D-42A1C988752E} = {A1B0E815-380C-4FBA-904A-D4E4CF8D2243}
		{4B434D8A-9861-4F72-9676-D79093206A79} = {72E1604F-32BD-4079-BCAA-BAEE13F878F6}
		{E2C1DB1A-3AC9-40DB-A094-CB754CD290DD} = {72E1604F-32BD-4079-BCAA-BAEE13F878F6}
		{D481161C-EFA2-4CC7-8235-59B7431DE7C0} = {72E1604F-32BD-4079-BCAA-BAEE13F878F6}
		{6F98165C-DB4F-4C3E-86AE-8D4FBFF9F200} = {72E1604F-32BD-4079-BCAA-BAEE13F878F6}
		{5CD905F1-9D72-477D-95F0-1B0666024B03} = {5DA73823-C87D-476F-BCD2-4373BBA1F0F3}
		{CDE2AE60-7567-4762-881E-3E4FA8A48698} = {5DA73823-C87D-476F-BCD2-4373BBA1F0F3}
		{D6B9DF1E-364B-4B99-9E82-60F987A3A86B} = {41AC18F0-F83F-4E39-AEF9-D359E4544BC4}
		{64E5B2BC-F3AE-4AB0-ACE3-A41075EE1D14} = {41AC18F0-F83F-4E39-AEF9-D359E4544BC4}
		{7643C97F-7BC3-469E-A69C-7E3F00CAA343} = {41AC18F0-F83F-4E39-AEF9-D359E4544BC4}
		{70AE81E1-A144-48E4-8483-7AB1CC6A3220} = {41AC18F0-F83F-4E39-AEF9-D359E4544BC4}
		{1AA565B4-C282-44AC-A3C9-3FFA68116D89} = {F556C1E9-C2B0-4C76-BB1A-956431831B55}
		{B7496B92-B47A-4542-9547-1BB270F93665} = {F556C1E9-C2B0-4C76-BB1A-956431831B55}
		{D02EE36E-48F6-420C-9C0C-1E685BB816CC} = {F556C1E9-C2B0-4C76-BB1A-956431831B55}
		{A3FBB3CF-5BB1-4FF2-833F-CA1D1FDA2799} = {24E852A0-4454-48BC-AA73-E78B2EAD9F84}
		{9D7D7DCB-268A-45EC-BD61-C650495C08C0} = {24E852A0-4454-48BC-AA73-E78B2EAD9F84}
		{A111746A-9FF1-4118-AB8C-A2EC13630255} = {24E852A0-4454-48BC-AA73-E78B2EAD9F84}
		{F76F382B-8810-46FB-BD69-DA6A1AB17DFE} = {2A42D7B6-AB56-44D4-AA0E-E429911FC16D}
		{A8D10C19-B799-4FD6-B48B-6A883453D202} = {2A42D7B6-AB56-44D4-AA0E-E429911FC16D}
		{F086DBB2-7E1C-4D74-BA45-3B232268F147} = {066A76CA-28CE-425A-BC76-6C529C57DAFE}
		{31883A40-BCE4-4242-AE4E-2F627E7D6736} = {066A76CA-28CE-425A-BC76-6C529C57DAFE}
		{38C953BB-DECF-4E2F-A243-2C16D992340C} = {066A76CA-28CE-425A-BC76-6C529C57DAFE}
		{B9E549E9-3D1F-423D-AF0E-5AB0E1047FC3} = {066A76CA-28CE-425A-BC76-6C529C57DAFE}
		{6D935CC7-B574-4E71-9CC8-ABC07148D41C} = {066A76CA-28CE-425A-BC76-6C529C57DAFE}
	EndGlobalSection
	GlobalSection(ExtensibilityGlobals) = postSolution
		SolutionGuid = {889397E4-2D8B-4345-9C77-593B3C927431}
	EndGlobalSection
EndGlobal
